{
  "projects": [
    {
      "projectId": "7nJ7UcFmq9UzB6eXfC5z4a",
      "version": "0.20.0",
      "dependencies": {},
      "lang": "ts",
      "fileLocks": [
        {
          "assetId": "7nJ7UcFmq9UzB6eXfC5z4a",
          "type": "projectCss",
          "checksum": "05587b57f22f0ec8bb54543deb39762e"
        }
      ],
      "codegenVersion": "0.0.1"
    },
    {
      "projectId": "afW6VKi63uhPvxynGzSkb1",
      "version": "latest",
      "dependencies": {
        "7nJ7UcFmq9UzB6eXfC5z4a": "0.20.0",
        "ohDidvG9XsCeFumugENU3J": "6.4.0",
        "jkU633o1Cz7HrJdwdxhVHk": "16.1.2"
      },
      "lang": "ts",
      "fileLocks": [
        {
          "type": "globalVariant",
          "assetId": "_M7DfCOXpX3h",
          "checksum": "ead884d2d1ec3ca60ab35f13595df57a"
        },
        {
          "type": "renderModule",
          "assetId": "SsNqfTXsbW_l",
          "checksum": "45d83ed08395ccfb46657a013aa43e42"
        },
        {
          "type": "cssRules",
          "assetId": "SsNqfTXsbW_l",
          "checksum": "45d83ed08395ccfb46657a013aa43e42"
        },
        {
          "type": "renderModule",
          "assetId": "tXjcP5o2LFJ9",
          "checksum": "87d812ab2999ee17dde6028ee52048cb"
        },
        {
          "type": "cssRules",
          "assetId": "tXjcP5o2LFJ9",
          "checksum": "87d812ab2999ee17dde6028ee52048cb"
        },
        {
          "type": "renderModule",
          "assetId": "rjv3_n7cRqnT",
          "checksum": "41d165214c9f175d0ff469f8ad13b982"
        },
        {
          "type": "cssRules",
          "assetId": "rjv3_n7cRqnT",
          "checksum": "41d165214c9f175d0ff469f8ad13b982"
        },
        {
          "type": "renderModule",
          "assetId": "dA1kMAc3QseA",
          "checksum": "2b10297750c430440f641b9a09e11a13"
        },
        {
          "type": "cssRules",
          "assetId": "dA1kMAc3QseA",
          "checksum": "2b10297750c430440f641b9a09e11a13"
        },
        {
          "type": "renderModule",
          "assetId": "xGs62Y0exuxy",
          "checksum": "f0bdf24ba5732175d2b78edde33353ad"
        },
        {
          "type": "cssRules",
          "assetId": "xGs62Y0exuxy",
          "checksum": "f0bdf24ba5732175d2b78edde33353ad"
        },
        {
          "type": "renderModule",
          "assetId": "ESIwGRWCrnRk",
          "checksum": "56f62e7dd9cff3158c1cb0fd223484e3"
        },
        {
          "type": "cssRules",
          "assetId": "ESIwGRWCrnRk",
          "checksum": "56f62e7dd9cff3158c1cb0fd223484e3"
        },
        {
          "type": "renderModule",
          "assetId": "XXScvUgQS8Qh",
          "checksum": "3a383605d885923f520f7e1d30f9f680"
        },
        {
          "type": "cssRules",
          "assetId": "XXScvUgQS8Qh",
          "checksum": "3a383605d885923f520f7e1d30f9f680"
        },
        {
          "type": "renderModule",
          "assetId": "BL-dbmEwLtIe",
          "checksum": "e9944fdb58239216bcf38a290c6c302e"
        },
        {
          "type": "cssRules",
          "assetId": "BL-dbmEwLtIe",
          "checksum": "e9944fdb58239216bcf38a290c6c302e"
        },
        {
          "type": "renderModule",
          "assetId": "SSd2P94Pz9tz",
          "checksum": "37dfc6d121c4651fbfb48896633fa30b"
        },
        {
          "type": "cssRules",
          "assetId": "SSd2P94Pz9tz",
          "checksum": "37dfc6d121c4651fbfb48896633fa30b"
        },
        {
          "type": "renderModule",
          "assetId": "7I3VJX_4Az0Z",
          "checksum": "3373be19f8df03cc545a0260ed584205"
        },
        {
          "type": "cssRules",
          "assetId": "7I3VJX_4Az0Z",
          "checksum": "3373be19f8df03cc545a0260ed584205"
        },
        {
          "type": "icon",
          "assetId": "yCyxqbAHHoKJ",
          "checksum": "ca220320d05c633b314270c277c885f6"
        },
        {
          "type": "icon",
          "assetId": "dIat2o990mPz",
          "checksum": "46404577fb35cdb6ba607cc98c765c3f"
        },
        {
          "type": "icon",
          "assetId": "0M6H1XRwvgTO",
          "checksum": "f613bb58643d5bc24bf1457365cbad3d"
        },
        {
          "type": "icon",
          "assetId": "mqVN4JkWlZix",
          "checksum": "a195401256430f68b67bee325a805e0d"
        },
        {
          "type": "icon",
          "assetId": "9cggabWdof6Y",
          "checksum": "792c22ed91568b1d77bd6423a9d48d21"
        },
        {
          "type": "icon",
          "assetId": "ZIF-zbLMFhVY",
          "checksum": "391b7ff70e2547b6f4d55897730254ad"
        },
        {
          "type": "icon",
          "assetId": "OGQC37hw0Izm",
          "checksum": "2128af07d9d1f8aa456f31af1776b171"
        },
        {
          "type": "icon",
          "assetId": "FdHGd1J-R15o",
          "checksum": "c1db05b55a5f8c64cdf082886f38756d"
        },
        {
          "type": "icon",
          "assetId": "C2TnUUyXBZyG",
          "checksum": "b469bfd99f9ab6e94a575a8373823596"
        },
        {
          "type": "icon",
          "assetId": "6Xqgk9p1ecAm",
          "checksum": "c7f9d4a83dc013fe6ebd66e368fe0afb"
        },
        {
          "type": "icon",
          "assetId": "doN94wHuWag9",
          "checksum": "ca9573a82f84f569836262a2c2b820df"
        },
        {
          "type": "icon",
          "assetId": "3d3-BaIG3MnT",
          "checksum": "4269aefe6cc7ff365447375cb59b233b"
        },
        {
          "type": "icon",
          "assetId": "TzGUjLko9k0o",
          "checksum": "8f30d6c529180c718a6a940e9dd73499"
        },
        {
          "type": "icon",
          "assetId": "oCbzO_aFBpWL",
          "checksum": "ca6a0e535754713802d13785c7b18f6d"
        },
        {
          "type": "image",
          "assetId": "-XW9NUkCqRke",
          "checksum": "272e4a13003396fe118f90fc445ce0d1"
        },
        {
          "type": "image",
          "assetId": "9mtcdd4aKOf5",
          "checksum": "29bb49afa1e41fe229e0e160ce7b27d2"
        },
        {
          "type": "image",
          "assetId": "Zj570CUicubs",
          "checksum": "54108d638726e626a00b8795c5abce2c"
        },
        {
          "type": "image",
          "assetId": "VebKSA0wP3LT",
          "checksum": "dddb24664b185e508a64eff951a388b2"
        },
        {
          "type": "image",
          "assetId": "G6MX1kdKIyNF",
          "checksum": "ba14365a6c311f599070bd37a51a278e"
        },
        {
          "type": "image",
          "assetId": "GVYBflhnhEqO",
          "checksum": "54fd5e07d976fd42d148ef361cbc156d"
        },
        {
          "assetId": "afW6VKi63uhPvxynGzSkb1",
          "checksum": "000697eb6226240e28ae83cf88315f53",
          "type": "globalContexts"
        },
        {
          "type": "renderModule",
          "assetId": "cjM9J0kp_zQY",
          "checksum": "963b1d482e4d5bdd443a4213e770f7a6"
        },
        {
          "type": "cssRules",
          "assetId": "cjM9J0kp_zQY",
          "checksum": "963b1d482e4d5bdd443a4213e770f7a6"
        },
        {
          "type": "icon",
          "assetId": "4e5Ny4sp--8i",
          "checksum": "97db236ff56412d3f195501fcef01fb1"
        },
        {
          "type": "icon",
          "assetId": "AVLuChxJURnl",
          "checksum": "79adedd4847aef14123484bc0c460369"
        },
        {
          "type": "icon",
          "assetId": "1OCfuUCiVE5i",
          "checksum": "a5a3fa9ae5868d0f13c42d18c445f74d"
        },
        {
          "type": "icon",
          "assetId": "XrzkzKkfmDub",
          "checksum": "41da20e7cb96144486bf83e682183f84"
        },
        {
          "type": "icon",
          "assetId": "9bpY84fvLnfK",
          "checksum": "69d2083b33486d1eb563a5dd438d3fd9"
        },
        {
          "type": "icon",
          "assetId": "5EgXyzfZsjL2",
          "checksum": "f208980f31e6bb5a808d5d9e4ae91cbf"
        },
        {
          "type": "icon",
          "assetId": "lAtVJ272mocC",
          "checksum": "29a1805764feb0034104f9742be0c8b2"
        },
        {
          "type": "icon",
          "assetId": "vEUHatqH1MB5",
          "checksum": "1c75b09dbcfd33b05316720a971250bb"
        },
        {
          "type": "renderModule",
          "assetId": "IVn1pTJikmR0",
          "checksum": "86c07cf018d29f64632b976087efb016"
        },
        {
          "type": "cssRules",
          "assetId": "IVn1pTJikmR0",
          "checksum": "86c07cf018d29f64632b976087efb016"
        },
        {
          "type": "icon",
          "assetId": "LA6v5DJEYpqa",
          "checksum": "2a753a5800dd85801badd5cbb51632a7"
        },
        {
          "assetId": "afW6VKi63uhPvxynGzSkb1",
          "type": "projectCss",
          "checksum": "b62a357cc411247c86e182c3360144d1"
        }
      ],
      "codegenVersion": "0.0.1"
    },
    {
      "projectId": "jkU633o1Cz7HrJdwdxhVHk",
      "version": "16.1.2",
      "dependencies": {},
      "lang": "ts",
      "fileLocks": [
        {
          "assetId": "jkU633o1Cz7HrJdwdxhVHk",
          "type": "projectCss",
          "checksum": "e1ec850476829c38b0f9b6d4f7ac446a"
        }
      ],
      "codegenVersion": "0.0.1"
    },
    {
      "projectId": "ohDidvG9XsCeFumugENU3J",
      "version": "6.3.0",
      "dependencies": {},
      "lang": "ts",
      "fileLocks": [
        {
          "assetId": "ohDidvG9XsCeFumugENU3J",
          "type": "projectCss",
          "checksum": "fd83b730367fdbde2c69bc6cf31c2a3c"
        },
        {
          "assetId": "ohDidvG9XsCeFumugENU3J",
          "checksum": "c7a1ec43eda431e6cebb60707ca3afdc",
          "type": "globalContexts"
        }
      ],
      "codegenVersion": "0.0.1"
    }
  ],
  "cliVersion": "0.1.308"
}
